# This file is generated by running "yarn install" inside your project.
# Manual changes might be lost - proceed with caution!

__metadata:
  version: 10
  cacheKey: 10c0

"@companion-module/base@npm:2.0.0":
  version: 2.0.0
  resolution: "@companion-module/base@npm:2.0.0"
  dependencies:
    colord: "npm:^2.9.3"
    tslib: "npm:^2.8.1"
  checksum: 10c0/c26e2cd3d1bf8ca47792c394f2bd226476ec35ff528f4d401c4d96785e13df07278c2973884094679cc348e521aa22a13a4f976f6a611eb7924a6d35e188fd2b
  languageName: node
  linkType: hard

"@companion-module/tools@npm:^3.0.2":
  version: 3.0.2
  resolution: "@companion-module/tools@npm:3.0.2"
  dependencies:
    "@eslint/js": "npm:^10.0.1"
    esbuild: "npm:^0.28.1"
    eslint-config-prettier: "npm:^10.1.8"
    eslint-plugin-n: "npm:^18.1.0"
    eslint-plugin-prettier: "npm:^5.5.6"
    find-up: "npm:^8.0.0"
    semver: "npm:^7.8.4"
    tar: "npm:^7.5.16"
    zx: "npm:^8.8.5"
  peerDependencies:
    "@companion-module/base": ^2.0.0
    "@companion-surface/base": ^1.0.0
    eslint: ^9.39.3 || ^10.2.0
    prettier: ^3.8.1
    typescript-eslint: ^8.56.1
  peerDependenciesMeta:
    "@companion-module/base":
      optional: true
    "@companion-surface/base":
      optional: true
    eslint:
      optional: true
    prettier:
      optional: true
    typescript-eslint:
      optional: true
  bin:
    companion-module-build: ./dist/scripts/build-connection.js
    companion-module-check: ./dist/scripts/check-connection.js
    companion-surface-build: ./dist/scripts/build-surface.js
    companion-surface-check: ./dist/scripts/check-surface.js
  checksum: 10c0/9e0e8755f812990cfea3e742bb351ac643cb85e7e916960c0d33e555cec9a474abf053be1e67530021d4f16c64c499c3c3fbf4d31aeac9bd6676cf6acf8a5d8a
  languageName: node
  linkType: hard

"@esbuild/aix-ppc64@npm:0.28.2":
  version: 0.28.2
  resolution: "@esbuild/aix-ppc64@npm:0.28.2"
  conditions: os=aix & cpu=ppc64
  languageName: node
  linkType: hard

"@esbuild/android-arm64@npm:0.28.2":
  version: 0.28.2
  resolution: "@esbuild/android-arm64@npm:0.28.2"
  conditions: os=android & cpu=arm64
  languageName: node
  linkType: hard

"@esbuild/android-arm@npm:0.28.2":
  version: 0.28.2
  resolution: "@esbuild/android-arm@npm:0.28.2"
  conditions: os=android & cpu=arm
  languageName: node
  linkType: hard

"@esbuild/android-x64@npm:0.28.2":
  version: 0.28.2
  resolution: "@esbuild/android-x64@npm:0.28.2"
  conditions: os=android & cpu=x64
  languageName: node
  linkType: hard

"@esbuild/darwin-arm64@npm:0.28.2":
  version: 0.28.2
  resolution: "@esbuild/darwin-arm64@npm:0.28.2"
  conditions: os=darwin & cpu=arm64
  languageName: node
  linkType: hard

"@esbuild/darwin-x64@npm:0.28.2":
  version: 0.28.2
  resolution: "@esbuild/darwin-x64@npm:0.28.2"
  conditions: os=darwin & cpu=x64
  languageName: node
  linkType: hard

"@esbuild/freebsd-arm64@npm:0.28.2":
  version: 0.28.2
  resolution: "@esbuild/freebsd-arm64@npm:0.28.2"
  conditions: os=freebsd & cpu=arm64
  languageName: node
  linkType: hard

"@esbuild/freebsd-x64@npm:0.28.2":
  version: 0.28.2
  resolution: "@esbuild/freebsd-x64@npm:0.28.2"
  conditions: os=freebsd & cpu=x64
  languageName: node
  linkType: hard

"@esbuild/linux-arm64@npm:0.28.2":
  version: 0.28.2
  resolution: "@esbuild/linux-arm64@npm:0.28.2"
  conditions: os=linux & cpu=arm64
  languageName: node
  linkType: hard

"@esbuild/linux-arm@npm:0.28.2":
  version: 0.28.2
  resolution: "@esbuild/linux-arm@npm:0.28.2"
  conditions: os=linux & cpu=arm
  languageName: node
  linkType: hard

"@esbuild/linux-ia32@npm:0.28.2":
  version: 0.28.2
  resolution: "@esbuild/linux-ia32@npm:0.28.2"
  conditions: os=linux & cpu=ia32
  languageName: node
  linkType: hard

"@esbuild/linux-loong64@npm:0.28.2":
  version: 0.28.2
  resolution: "@esbuild/linux-loong64@npm:0.28.2"
  conditions: os=linux & cpu=loong64
  languageName: node
  linkType: hard

"@esbuild/linux-mips64el@npm:0.28.2":
  version: 0.28.2
  resolution: "@esbuild/linux-mips64el@npm:0.28.2"
  conditions: os=linux & cpu=mips64el
  languageName: node
  linkType: hard

"@esbuild/linux-ppc64@npm:0.28.2":
  version: 0.28.2
  resolution: "@esbuild/linux-ppc64@npm:0.28.2"
  conditions: os=linux & cpu=ppc64
  languageName: node
  linkType: hard

"@esbuild/linux-riscv64@npm:0.28.2":
  version: 0.28.2
  resolution: "@esbuild/linux-riscv64@npm:0.28.2"
  conditions: os=linux & cpu=riscv64
  languageName: node
  linkType: hard

"@esbuild/linux-s390x@npm:0.28.2":
  version: 0.28.2
  resolution: "@esbuild/linux-s390x@npm:0.28.2"
  conditions: os=linux & cpu=s390x
  languageName: node
  linkType: hard

"@esbuild/linux-x64@npm:0.28.2":
  version: 0.28.2
  resolution: "@esbuild/linux-x64@npm:0.28.2"
  conditions: os=linux & cpu=x64
  languageName: node
  linkType: hard

"@esbuild/netbsd-arm64@npm:0.28.2":
  version: 0.28.2
  resolution: "@esbuild/netbsd-arm64@npm:0.28.2"
  conditions: os=netbsd & cpu=arm64
  languageName: node
  linkType: hard

"@esbuild/netbsd-x64@npm:0.28.2":
  version: 0.28.2
  resolution: "@esbuild/netbsd-x64@npm:0.28.2"
  conditions: os=netbsd & cpu=x64
  languageName: node
  linkType: hard

"@esbuild/openbsd-arm64@npm:0.28.2":
  version: 0.28.2
  resolution: "@esbuild/openbsd-arm64@npm:0.28.2"
  conditions: os=openbsd & cpu=arm64
  languageName: node
  linkType: hard

"@esbuild/openbsd-x64@npm:0.28.2":
  version: 0.28.2
  resolution: "@esbuild/openbsd-x64@npm:0.28.2"
  conditions: os=openbsd & cpu=x64
  languageName: node
  linkType: hard

"@esbuild/openharmony-arm64@npm:0.28.2":
  version: 0.28.2
  resolution: "@esbuild/openharmony-arm64@npm:0.28.2"
  conditions: os=openharmony & cpu=arm64
  languageName: node
  linkType: hard

"@esbuild/sunos-x64@npm:0.28.2":
  version: 0.28.2
  resolution: "@esbuild/sunos-x64@npm:0.28.2"
  conditions: os=sunos & cpu=x64
  languageName: node
  linkType: hard

"@esbuild/win32-arm64@npm:0.28.2":
  version: 0.28.2
  resolution: "@esbuild/win32-arm64@npm:0.28.2"
  conditions: os=win32 & cpu=arm64
  languageName: node
  linkType: hard

"@esbuild/win32-ia32@npm:0.28.2":
  version: 0.28.2
  resolution: "@esbuild/win32-ia32@npm:0.28.2"
  conditions: os=win32 & cpu=ia32
  languageName: node
  linkType: hard

"@esbuild/win32-x64@npm:0.28.2":
  version: 0.28.2
  resolution: "@esbuild/win32-x64@npm:0.28.2"
  conditions: os=win32 & cpu=x64
  languageName: node
  linkType: hard

"@eslint-community/eslint-utils@npm:^4.7.0":
  version: 4.9.1
  resolution: "@eslint-community/eslint-utils@npm:4.9.1"
  dependencies:
    eslint-visitor-keys: "npm:^3.4.3"
  peerDependencies:
    eslint: ^6.0.0 || ^7.0.0 || >=8.0.0
  checksum: 10c0/446a0174a138b2135a0a50b25567186711f07c148fd40d063a892140212716e3009971bfa8e2aa17006985549ad43e45cb4e9e546ab29a36b0263d9b827fbb47
  languageName: node
  linkType: hard

"@eslint/config-array@npm:^0.23.1":
  version: 0.23.1
  resolution: "@eslint/config-array@npm:0.23.1"
  dependencies:
    "@eslint/object-schema": "npm:^2.1.7"
    debug: "npm:^4.3.1"
    minimatch: "npm:^3.1.2"
  checksum: 10c0/d4e2c0a36881c6bb013cb42d53542d88cf2945160625443cf8288669471d4c70e24f8f08f10c239598437368d45786b7a62fbbe706930bbca63a4688ce5dde6b
  languageName: node
  linkType: hard

"@eslint/config-helpers@npm:^0.5.2":
  version: 0.5.2
  resolution: "@eslint/config-helpers@npm:0.5.2"
  checksum: 10c0/53703195f1c14eab5c2f9f7792f46d43292b397e6018a69185f55b41a1c330e8bc87ce70f24cf8f544f72a89cff29d0da05c95a301f58ed4687bc29b5c2cb601
  languageName: node
  linkType: hard

"@eslint/core@npm:^1.0.0":
  version: 1.0.0
  resolution: "@eslint/core@npm:1.0.0"
  dependencies:
    "@types/json-schema": "npm:^7.0.15"
  checksum: 10c0/8231c905851410a9710d83150cd2f80c9f74f4ed1337e393b88667b918524e8c7f989b05b55f7ac49817aed808ac7bd2b53bbb5ab2a71bd13a81ba081c98064f
  languageName: node
  linkType: hard

"@eslint/eslintrc@npm:^3.3.1":
  version: 3.3.1
  resolution: "@eslint/eslintrc@npm:3.3.1"
  dependencies:
    ajv: "npm:^6.12.4"
    debug: "npm:^4.3.2"
    espree: "npm:^10.0.1"
    globals: "npm:^14.0.0"
    ignore: "npm:^5.2.0"
    import-fresh: "npm:^3.2.1"
    js-yaml: "npm:^4.1.0"
    minimatch: "npm:^3.1.2"
    strip-json-comments: "npm:^3.1.1"
  checksum: 10c0/64d2b7f4cd2100bf60d69e3dbd7e1778eb5612136f4273575ab16f565fd3a6b51b93f9d2c4f4cd88786bc324e0fbdab95bf42f87c33a73fc215bf81af34718fb
  languageName: node
  linkType: hard

"@eslint/js@npm:10.8.1, @eslint/js@npm:^10.0.1":
  version: 10.8.1
  resolution: "@eslint/js@npm:10.8.1"
  checksum: 10c0/3ca260984f23107a57d6f4022d7f64e083aa37074535bb2962e35e82c8c8480aa57f0f03e17773840459af2ca2f1e590ba647c20514f8a396024f10845e17adb
  languageName: node
  linkType: hard

"@eslint/object-schema@npm:^2.1.7":
  version: 2.1.7
  resolution: "@eslint/object-schema@npm:2.1.7"
  checksum: 10c0/50f0a082e91c8676ba7c0502f0263a986cb50a45cb70ea1d0f8cc24a0e82b55ccc9f4212d035e2f00a2c719638958010482f3641403b2449009241301fe36972
  languageName: node
  linkType: hard

"@eslint/plugin-kit@npm:^0.6.1":
  version: 0.6.1
  resolution: "@eslint/plugin-kit@npm:0.6.1"
  dependencies:
    "@eslint/core": "npm:^1.0.0"
    levn: "npm:^0.4.1"
  checksum: 10c0/18d01b7c17b0cff5639bc36dd21ec46b51c1bf5616d1fb6b6100669f38930727287600ee373ae309825c76ec2391b6cd678c79199a12035b3e47a0cd7c3f59d4
  languageName: node
  linkType: hard

"@humanfs/core@npm:^0.19.1":
  version: 0.19.1
  resolution: "@humanfs/core@npm:0.19.1"
  checksum: 10c0/5bfcaf28ed2a294b1509b72b7b378e61c81459cf74cb391d8fdc4da4668b73ed52bba7021f04404222a6bcb5f5f5858d1f48b0d8b6b60de99b78fb29d37a53af
  languageName: node
  linkType: hard

"@humanfs/node@npm:^0.16.6":
  version: 0.16.7
  resolution: "@humanfs/node@npm:0.16.7"
  dependencies:
    "@humanfs/core": "npm:^0.19.1"
    "@humanwhocodes/retry": "npm:^0.4.2"
  checksum: 10c0/b471f8543127ae5181711b15798036072112922e544e416410a185504351d70bd7bc9ee782fa0dfcd72ed6ef3d7d2754d9d3ab048a3152489b854ea76e0b440d
  languageName: node
  linkType: hard

"@humanwhocodes/module-importer@npm:^1.0.1":
  version: 1.0.1
  resolution: "@humanwhocodes/module-importer@npm:1.0.1"
  checksum: 10c0/86db1f381836d2ea1866238868e61b0bb7caefb9cc8dd72ad51f3f181c6cd3370779021fca4cb2ffc6f4f0d7018f2f1fe73b0eb29a49c1b9b254e7f1271eabbe
  languageName: node
  linkType: hard

"@humanwhocodes/retry@npm:^0.4.3":
  version: 0.4.3
  resolution: "@humanwhocodes/retry@npm:0.4.3"
  checksum: 10c0/e6645643aa4f431ebf5f46f754e41543e16da0a8c61d3f486ef857d1c2323d86be1da8674c62be98d98635ff353829323900d3269e59d30a30ff571146e4b5d3
  languageName: node
  linkType: hard

"@isaacs/brace-expansion@npm:^5.0.0":
  version: 5.0.0
  resolution: "@isaacs/brace-expansion@npm:5.0.0"
  dependencies:
    "@isaacs/balanced-match": "npm:^4.0.1"
  checksum: 10c0/d4bc8fd2e19946f03468e5ac61dc14149bc65b1100931717a56381297754837482852465556282a051ab8497581c4fd8f51cd0362193626c9dc62bd223f952e20
  languageName: node
  linkType: hard

"@isaacs/balanced-match@npm:^4.0.1":
  version: 4.0.1
  resolution: "@isaacs/balanced-match@npm:4.0.1"
  checksum: 10c0/02658fe5db4ee73af7585f0d740e22ee28438a8a48661d9be3a6bf917e2d634462a634df4e3d1df6686998914450890221d99dc4aa90d02252c20fde929e2da7a
  languageName: node
  linkType: hard

"@isaacs/fs-minipass@npm:^4.0.0":
  version: 4.0.1
  resolution: "@isaacs/fs-minipass@npm:4.0.1"
  dependencies:
    minipass: "npm:^7.0.4"
  checksum: 10c0/43230b8ac9a49092818bb384d6eb4ae5fd80142f623a02acae75b15fac2350366f7f5e73443d8858f17bdb23abfa5ac1d40d15a813a39e84ef9979a4227bf68d
  languageName: node
  linkType: hard

"@pkgjs/parseargs@npm:^0.11.0":
  version: 0.11.0
  resolution: "@pkgjs/parseargs@npm:0.11.0"
  conditions: node >=14
  checksum: 10c0/fcfa45346e5a03d7dd3e0b2e828f02eefb2c43a82ce1e02249462820049023c37a9fb2c809cb4ddfa2de1c50cc7482370961c3221b3c4acd9d0392163227570
  languageName: node
  linkType: hard

"@types/estree@npm:^1.0.6":
  version: 1.0.8
  resolution: "@types/estree@npm:1.0.8"
  checksum: 10c0/9297a16f391c9de5a73ed31e7c7e85c23154f854e13cb940968903128a8098d137617906327ed21e4ffc83e7aa56013680638a6566dd2156fc4079c5f09d7423f
  languageName: node
  linkType: hard

"@types/json-schema@npm:^7.0.15":
  version: 7.0.15
  resolution: "@types/json-schema@npm:7.0.15"
  checksum: 10c0/3aa8c0f9b54b96c67ab3163528964f1ae6394c927a91c02068f25c01f0f2cce357e597e03be46af36a9636c32364651ef1c449a4fb0cb632814290735b1416fb
  languageName: node
  linkType: hard

"acorn-jsx@npm:^5.3.2":
  version: 5.3.2
  resolution: "acorn-jsx@npm:5.3.2"
  peerDependencies:
    acorn: ^6.0.0 || ^7.0.0 || ^8.0.0
  checksum: 10c0/a892dafef63da3bc5a668e0d544055097476162893a9e53d1c0ae43a2bfa668d59831231e2bb5240db6ac00fb4b8b0d7d31afea2a2d6fe3f7f98e92cd752b963
  languageName: node
  linkType: hard

"acorn@npm:^8.15.0":
  version: 8.15.0
  resolution: "acorn@npm:8.15.0"
  bin:
    acorn: bin/acorn
  checksum: 10c0/b418646113416435c6eef6fe19fd80db4c25c6065cf656f06088e1dfec675d4e7b0b23727e969fdcd478c32551dbcd6655f19d94c67f16eb9d11b90e46a8b00
  languageName: node
  linkType: hard

"ajv@npm:^6.12.4":
  version: 6.12.6
  resolution: "ajv@npm:6.12.6"
  dependencies:
    fast-deep-equal: "npm:^3.1.1"
    fast-json-stable-stringify: "npm:^2.0.0"
    json-schema-traverse: "npm:^0.4.1"
    uri-js: "npm:^4.2.2"
  checksum: 10c0/cbaca881d5bc0d90348b660d22c53ea18146190817ce33dbb674c11340eae0d1f3140c1683682197888fa641d1d1bb297bf7c6eea5e25aa3f2618168333413abcf
  languageName: node
  linkType: hard

"ansi-regex@npm:^6.2.2":
  version: 6.2.2
  resolution: "ansi-regex@npm:6.2.2"
  checksum: 10c0/0f9fb222b35dc198e214998c194432ad77eb93e6be2ee66504497d63074ed1213c1dd53b9df2db1025204d87259f2b81ff11ada605759aa8cf99c2bcc2610c1515
  languageName: node
  linkType: hard

"ansi-styles@npm:^6.2.1":
  version: 6.2.3
  resolution: "ansi-styles@npm:6.2.3"
  checksum: 10c0/fda08fda603ec41c207457e897f07de18ac5d05c74d8ef9b78c7b0cac685b8de424ed7790184e90a5cbcc67f2584f2e3f52a35d86a3f08e454358b6081465f97
  languageName: node
  linkType: hard

"argparse@npm:^2.0.1":
  version: 2.0.1
  resolution: "argparse@npm:2.0.1"
  checksum: 10c0/f81584e6ca28c1168268df805466409e4be724e1e8101d78742954e57952f70664872580802109475436f98706050327c601440d16081756310404f512ac2ac588
  languageName: node
  linkType: hard

"balanced-match@npm:^1.0.0":
  version: 1.0.2
  resolution: "balanced-match@npm:1.0.2"
  checksum: 10c0/1fbc423105120576143686d23ba44838414521487bf45395a328192178638e6cf991700837feb712c7e53cdb2abb168401b38e9560da31edaa65ed77af9608d2f
  languageName: node
  linkType: hard

"brace-expansion@npm:^1.1.7":
  version: 1.1.12
  resolution: "brace-expansion@npm:1.1.12"
  dependencies:
    balanced-match: "npm:^1.0.0"
    concat-map: "npm:0.0.1"
  checksum: 10c0/9870062cfdaf8e49ee93aa7bf25799584af2f0e129c3783144752350c6526ac341da183762480556477f3dc16f9c6331894237cba4fdbd02a238a272568c3052
  languageName: node
  linkType: hard

"brace-expansion@npm:^2.0.1":
  version: 2.0.2
  resolution: "brace-expansion@npm:2.0.2"
  dependencies:
    balanced-match: "npm:^1.0.0"
  checksum: 10c0/364c37c139c415ca3c37b682239b282046a65513746fe2cfaa58dd6f1ab85b16a8cb27f62b08696d198eb703116ff400223e546150895e61853dc12bc25eab3a
  languageName: node
  linkType: hard

"cacache@npm:^20.0.1":
  version: 20.0.1
  resolution: "cacache@npm:20.0.1"
  dependencies:
    "@npmcli/fs": "npm:^4.0.0"
    fs-minipass: "npm:^3.0.0"
    glob: "npm:^11.0.0"
    lru-cache: "npm:^11.0.0"
    minipass: "npm:^7.0.4"
    minipass-collect: "npm:^2.0.1"
    minipass-flush: "npm:^1.0.5"
    minipass-pipeline: "npm:^1.2.4"
    p-map: "npm:^7.0.2"
    ssri: "npm:^12.0.0"
    tar: "npm:^7.4.3"
    unique-filename: "npm:^4.0.0"
  checksum: 10c0/83771613205147669115688fe80192492c9748e1722c5c1c56d3dac348f4e0de2bc23eec639de1f95d34a53e621454ad86a46cbc6b5241d34528e8d5dc1d7f
  languageName: node
  linkType: hard

"chalk@npm:^5.6.2":
  version: 5.6.2
  resolution: "chalk@npm:5.6.2"
  checksum: 10c0/51d809628a2ce3372289e36e672075c0014c9968ff582ff22f23c0722dd1754e1c0fe9402463e0ad6ae0157aa4d34c364927d4e8e1b3d0e1b92b58fb4e82bdf0
  languageName: node
  linkType: hard

"chownr@npm:^3.0.0":
  version: 3.0.0
  resolution: "chownr@npm:3.0.0"
  checksum: 10c0/23c0df9a0ec4d48a04f6e8e80b12db91f44f03dd05b589ef0007e041244156ea4ae72f7ebfb47c45a9fa1656a2a2c08db88820bb89851e5803257f96bbbc529d
  languageName: node
  linkType: hard

"cliui@npm:^9.0.1":
  version: 9.0.1
  resolution: "cliui@npm:9.0.1"
  dependencies:
    string-width: "npm:^7.2.0"
    strip-ansi: "npm:^7.1.0"
    wrap-ansi: "npm:^9.0.0"
  checksum: 10c0/7b128c5a0eb13f875d44df6c23360c0ec8e0224ad6c201330979482850b3cd720793714b3742df514b020b7d187b7344a359b992ec8d367f2a5f071f586e8aa1
  languageName: node
  linkType: hard

"color-convert@npm:^2.0.1":
  version: 2.0.1
  resolution: "color-convert@npm:2.0.1"
  dependencies:
    color-name: "npm:~1.1.4"
  checksum: 10c0/594147f3019052af6f22b9b7f1486110f01b0879fd96e53f6651a8d4fe9bb96919ceeeec523252b636a39039319c73b8f852f76c9ab7308caf3ae1d50a080aba
  languageName: node
  linkType: hard

"color-name@npm:~1.1.4":
  version: 1.1.4
  resolution: "color-name@npm:1.1.4"
  checksum: 10c0/91a61a03a547c484d746015e3f5d931b784d06dbeea4f96f47d66e689b43a6962a5599cffc8b342551f5c1cdefe0318324d321339d14752291274439ea508013b
  languageName: node
  linkType: hard

"colord@npm:^2.9.3":
  version: 2.9.3
  resolution: "colord@npm:2.9.3"
  checksum: 10c0/065a02be58555968f5cbd92d95e2ca57b680478f4389059612070e995231315c003f7c4f95f0e157dc6e6b57ffb7639c66e89731d03edc06994fe24146a841df
  languageName: node
  linkType: hard

"commander@npm:^13.1.0":
  version: 13.1.0
  resolution: "commander@npm:13.1.0"
  checksum: 10c0/9925e1a18df5db0dc2a8bc5f2079418beee939f26e4d92dc892125404625a22f3737ad2c84080be504a838c88a348275538b0f6700cf9bcf55dda0f9916664bd
  languageName: node
  linkType: hard

"concat-map@npm:0.0.1":
  version: 0.0.1
  resolution: "concat-map@npm:0.0.1"
  checksum: 10c0/62179d66a6c2bab9a7976a223eb051fcf052bbe59883cc7050c2e36ecdb139c2e8ae6efc76860c979aa4e4fec3ee7f78725327380792f180576467174b4ac38c4
  languageName: node
  linkType: hard

"cross-spawn@npm:^7.0.6":
  version: 7.0.6
  resolution: "cross-spawn@npm:7.0.6"
  dependencies:
    path-key: "npm:^3.1.0"
    shebang-command: "npm:^2.0.0"
    which: "npm:^2.0.1"
  checksum: 10c0/9c6e2ab32171c19993cb289bb45cb19aa6b8417730e7e15766d785243399ae18247057760153a3b52681d8a7b6b8d0814b5427a19176297607668743e9a0e386
  languageName: node
  linkType: hard

"debug@npm:^4.3.1, debug@npm:^4.3.2, debug@npm:^4.4.3":
  version: 4.4.3
  resolution: "debug@npm:4.4.3"
  dependencies:
    ms: "npm:^2.1.3"
  checksum: 10c0/2a62991a8dd92ecb1949ee8d28a92b4039643e7e85a2b1888064875485f7f012f77fda9500608520c2e95c4267112541589070db4879f9590f1262ef851317b8
  languageName: node
  linkType: hard

"deep-is@npm:^0.1.3":
  version: 0.1.4
  resolution: "deep-is@npm:0.1.4"
  checksum: 10c0/31bca3f75c00e20a32548f3ae30a16e5acc5a28e3f95d21d631b25b339871c7fd917d34aa1775b1c732600c2cda331030ec09a73885e9865c61012d6a50ae183
  languageName: node
  linkType: hard

"eastasianwidth@npm:^0.2.0":
  version: 0.2.0
  resolution: "eastasianwidth@npm:0.2.0"
  checksum: 10c0/2d737e05fe82741072d8629128422624d34cb85b6d95cbf5b933455df77ec74dc38aa52e99ca15b88291f81d25cb956fbce463479bdc3f3bc64a8562265144dc
  languageName: node
  linkType: hard

"emoji-regex@npm:^10.3.0":
  version: 10.6.0
  resolution: "emoji-regex@npm:10.6.0"
  checksum: 10c0/2542bbe63e0f491b24f1aad565145ea4cdd88b011390c5d1653c72d3769520925887c8112331994190f26976a41e3a54d40b3b914a882255b42a61f1ef335f1f
  languageName: node
  linkType: hard

"esbuild@npm:^0.28.1":
  version: 0.28.2
  resolution: "esbuild@npm:0.28.2"
  dependencies:
    "@esbuild/aix-ppc64": "npm:0.28.2"
    "@esbuild/android-arm": "npm:0.28.2"
    "@esbuild/android-arm64": "npm:0.28.2"
    "@esbuild/android-x64": "npm:0.28.2"
    "@esbuild/darwin-arm64": "npm:0.28.2"
    "@esbuild/darwin-x64": "npm:0.28.2"
    "@esbuild/freebsd-arm64": "npm:0.28.2"
    "@esbuild/freebsd-x64": "npm:0.28.2"
    "@esbuild/linux-arm": "npm:0.28.2"
    "@esbuild/linux-arm64": "npm:0.28.2"
    "@esbuild/linux-ia32": "npm:0.28.2"
    "@esbuild/linux-loong64": "npm:0.28.2"
    "@esbuild/linux-mips64el": "npm:0.28.2"
    "@esbuild/linux-ppc64": "npm:0.28.2"
    "@esbuild/linux-riscv64": "npm:0.28.2"
    "@esbuild/linux-s390x": "npm:0.28.2"
    "@esbuild/linux-x64": "npm:0.28.2"
    "@esbuild/netbsd-arm64": "npm:0.28.2"
    "@esbuild/netbsd-x64": "npm:0.28.2"
    "@esbuild/openbsd-arm64": "npm:0.28.2"
    "@esbuild/openbsd-x64": "npm:0.28.2"
    "@esbuild/openharmony-arm64": "npm:0.28.2"
    "@esbuild/sunos-x64": "npm:0.28.2"
    "@esbuild/win32-arm64": "npm:0.28.2"
    "@esbuild/win32-ia32": "npm:0.28.2"
    "@esbuild/win32-x64": "npm:0.28.2"
  checksum: 10c0/0f429943ca63a782a1f34ea31a47dfd82a89926ee91de299a25f9241a8a6062966c887fd03fb45440e39677511aa151cff30bccd5cc0eae26e1b587c9918cb45
  bin:
    esbuild: bin/esbuild
  languageName: node
  linkType: hard

"eslint-config-prettier@npm:^10.1.8":
  version: 10.1.8
  resolution: "eslint-config-prettier@npm:10.1.8"
  peerDependencies:
    eslint: ">=7.0.0"
  checksum: 10c0/69c699442820fb60e485585439b72d48d8e6787127a9621b396f1525781b60deed5eae22221dcc594f1e05959f40546221832820707ae684151340317da1fa095
  languageName: node
  linkType: hard

"eslint-plugin-es-x@npm:^7.8.0":
  version: 7.8.0
  resolution: "eslint-plugin-es-x@npm:7.8.0"
  dependencies:
    "@eslint-community/eslint-utils": "npm:^4.7.0"
    "@eslint-community/regexpp": "npm:^4.12.1"
    eslint-compat-utils: "npm:^0.5.1"
  peerDependencies:
    eslint: ">=8"
  checksum: 10c0/2433fa86cd2ece0f76d0271213f26fe8346e723bf0bb228a1b2ab99ec78363b6a0a596b1e9ef14f314fc0bd92420ed071bfe122d3314c9745e97d63e8d2a1156
  languageName: node
  linkType: hard

"eslint-plugin-n@npm:^18.1.0":
  version: 18.1.0
  resolution: "eslint-plugin-n@npm:18.1.0"
  dependencies:
    "@eslint-community/eslint-utils": "npm:^4.7.0"
    enhanced-resolve: "npm:^5.17.1"
    eslint-plugin-es-x: "npm:^7.8.0"
    get-tsconfig: "npm:^4.7.5"
    globals: "npm:^15.11.0"
    globrex: "npm:^0.1.2"
    ignore: "npm:^5.3.2"
    semver: "npm:^7.6.3"
    ts-declaration-location: "npm:^1.0.7"
  peerDependencies:
    eslint: ">=8.23.0"
  checksum: 10c0/48122972e366531022538873656856dcc8103a46d5d1e17bc0b38941db2bd45dd19b1f73b7aeac2c05bb4bdaf3b97dce8e670bf25a467311575c418423cae74b
  languageName: node
  linkType: hard

"eslint-plugin-prettier@npm:^5.5.6":
  version: 5.5.6
  resolution: "eslint-plugin-prettier@npm:5.5.6"
  dependencies:
    prettier-linter-helpers: "npm:^1.0.0"
    synckit: "npm:^0.11.12"
  peerDependencies:
    "@types/eslint": ">=8.0.0"
    eslint: ">=8.0.0"
    eslint-config-prettier: ">= 7.0.0 <10.0.0 || >=10.1.0"
    prettier: ">=3.0.0"
  peerDependenciesMeta:
    "@types/eslint":
      optional: true
    eslint-config-prettier:
      optional: true
  checksum: 10c0/01ed8c61d6480f3c19911d6a76829b4229d9531ceeb6bb6b9955bf3adba27d35d06868f08a4a22d99bac5c64964bd27a46c14f73e0832378e28609f2be82c16
  languageName: node
  linkType: hard

"eslint-scope@npm:^8.4.0":
  version: 8.4.0
  resolution: "eslint-scope@npm:8.4.0"
  dependencies:
    esrecurse: "npm:^4.3.0"
    estraverse: "npm:^5.2.0"
  checksum: 10c0/b117eb13379bd841e1fafc5b19eb3a5a85b5be4d80a43d822b70c7a6494d0d800eafc8f1bda470e8376e40e8e518d08fd6dbac0fa07e9485bd8273d5660737
  languageName: node
  linkType: hard

"eslint-visitor-keys@npm:^3.4.3":
  version: 3.4.3
  resolution: "eslint-visitor-keys@npm:3.4.3"
  checksum: 10c0/5e0c4bbdfdba75446f42c430f5791e607764089290094872f621f31b1dcb3fd71047255675f4985115cc34169b22c8f68f3fb14ba652d27090ce667f32bc9d37
  languageName: node
  linkType: hard

"eslint-visitor-keys@npm:^4.2.1":
  version: 4.2.1
  resolution: "eslint-visitor-keys@npm:4.2.1"
  checksum: 10c0/35ac5372a83ae0cfa5500cf006a8e8d30696616ec80cd542a3571b3d7f5a2ad3b44611633fca174989c3c4629cb9dc1f16bde6ed5dc7a28e67c270e002797386
  languageName: node
  linkType: hard

"eslint@npm:^10.2.0":
  version: 10.8.1
  resolution: "eslint@npm:10.8.1"
  dependencies:
    "@eslint-community/eslint-utils": "npm:^4.8.0"
    "@eslint-community/regexpp": "npm:^4.12.2"
    "@eslint/config-array": "npm:^0.23.1"
    "@eslint/config-helpers": "npm:^0.5.2"
    "@eslint/core": "npm:^1.0.0"
    "@eslint/eslintrc": "npm:^3.3.1"
    "@eslint/js": "npm:10.8.1"
    "@eslint/plugin-kit": "npm:^0.6.1"
    "@humanfs/node": "npm:^0.16.7"
    "@humanwhocodes/module-importer": "npm:^1.0.1"
    "@humanwhocodes/retry": "npm:^0.4.3"
    "@types/estree": "npm:^1.0.6"
    "@types/json-schema": "npm:^7.0.15"
    ajv: "npm:^6.12.4"
    chalk: "npm:^5.6.2"
    cross-spawn: "npm:^7.0.6"
    debug: "npm:^4.4.3"
    escape-string-regexp: "npm:^5.0.0"
    eslint-scope: "npm:^8.4.0"
    eslint-visitor-keys: "npm:^4.2.1"
    espree: "npm:^10.4.0"
    esquery: "npm:^1.7.0"
    esutils: "npm:^2.0.3"
    fast-deep-equal: "npm:^3.1.3"
    file-entry-cache: "npm:^10.1.4"
    find-up: "npm:^5.0.0"
    glob-parent: "npm:^6.0.2"
    ignore: "npm:^7.0.5"
    imurmurhash: "npm:^0.1.4"
    is-glob: "npm:^4.0.0"
    json-stable-stringify-without-jsonify: "npm:^1.0.1"
    lodash.merge: "npm:^4.6.2"
    minimatch: "npm:^10.0.3"
    natural-compare: "npm:^1.4.0"
    optionator: "npm:^0.9.4"
  bin:
    eslint: bin/eslint.js
  checksum: 10c0/563db7e0a01530492f18f8e83af44c37a98d9523a730aedb31e5ba13eaa5d4ad40c7cb3b13c3cc62d93811a6f1e07bdbbd8ac991fb68e9e49a8b5cf6d61e981
  languageName: node
  linkType: hard

"espree@npm:^10.0.1, espree@npm:^10.4.0":
  version: 10.4.0
  resolution: "espree@npm:10.4.0"
  dependencies:
    acorn: "npm:^8.15.0"
    acorn-jsx: "npm:^5.3.2"
    eslint-visitor-keys: "npm:^4.2.1"
  checksum: 10c0/9b07b41b67253398168ec82763dbb3b3a3bec94a310d86bb9ecc7e37d2ddbc8dd4749903914aa609ec9c64aa622823972613619f6863c03a2ba625441f149161
  engines: {node: ^18.18.0 || ^20.9.0 || >=21.1.0}
  languageName: node
  linkType: hard

"esquery@npm:^1.7.0":
  version: 1.7.0
  resolution: "esquery@npm:1.7.0"
  dependencies:
    estraverse: "npm:^5.1.0"
  checksum: 10c0/15e61ae4df3e3168fc440752e5545064f4113dfc3b9815373484379127141492c584227740a841982149bb7e73cb0bc456e06c6f643245108d3bd831d28a3b69c8
  engines: {node: ">=0.10"}
  languageName: node
  linkType: hard

"esrecurse@npm:^4.3.0":
  version: 4.3.0
  resolution: "esrecurse@npm:4.3.0"
  dependencies:
    estraverse: "npm:^5.2.0"
  checksum: 10c0/886b711ddc8ae6bf89f0d9632f5239c5ac71f16e3ed992542da28de7b827fc7590b6cab62d2444cd16c6e08baf348a2aa8b2d35d93ccae43c104fdc7ed3dc9c3
  languageName: node
  linkType: hard

"estraverse@npm:^5.1.0, estraverse@npm:^5.2.0":
  version: 5.3.0
  resolution: "estraverse@npm:5.3.0"
  checksum: 10c0/87a38b7ef5634d04294a67cfac9118dc1b78fcd59353ace09bf2d1176e41eebce8ca05a42c5986b43c633e0235f8fc130db98896b56126b8683d30621f639640
  languageName: node
  linkType: hard

"esutils@npm:^2.0.2, esutils@npm:^2.0.3":
  version: 2.0.3
  resolution: "esutils@npm:2.0.3"
  checksum: 10c0/3542799df1262ce1b3be564f39dd69a0a9071d2c940d4d53529956f7977f7b7de9155b8c94e80405f7d8f7ea1f8242d7f7244d7d4c80e0cf911f6d646f8d7
  languageName: node
  linkType: hard

"fast-deep-equal@npm:^3.1.1, fast-deep-equal@npm:^3.1.3":
  version: 3.1.3
  resolution: "fast-deep-equal@npm:3.1.3"
  checksum: 10c0/bed61b5a633d4f32e06b6e0586676485629491775969af47348981cb5df9a61a448980bf1a7bef61c73f3a97b3fdd11adc8efcf81ff1bc5e628961828591c9db1
  languageName: node
  linkType: hard

"fast-json-stable-stringify@npm:^2.0.0":
  version: 2.1.0
  resolution: "fast-json-stable-stringify@npm:2.1.0"
  checksum: 10c0/77d87f812349539181e0c25f9a5c74c1f2384f618d8930239507325799766c54369fb158a25e6ab2b939f4f4a109c7bd195afc15c9a6a1fa8bc3684ec485eeb8
  languageName: node
  linkType: hard

"fast-levenshtein@npm:^2.0.6":
  version: 2.0.6
  resolution: "fast-levenshtein@npm:2.0.6"
  checksum: 10c0/6884a01afc6d844806170556a4cb3f9e69a5b91c6842829618b25664564047e0699d23ad84c542723750573442a18b88a4b1dc60d2ae5cfe926398506f6d16b2
  languageName: node
  linkType: hard

"fast-uri@npm:^3.0.1":
  version: 3.1.0
  resolution: "fast-uri@npm:3.1.0"
  checksum: 10c0/6ed3f3c743d579125bf93c4a9dc4869786c703a55e1e45887036ea9f74a43d74229486462b928305688566bb9f581d63ff3c64782399222fab3cb5255510d8e3
  languageName: node
  linkType: hard

"file-entry-cache@npm:^10.1.4":
  version: 10.1.4
  resolution: "file-entry-cache@npm:10.1.4"
  dependencies:
    flat-cache: "npm:^6.1.13"
  checksum: 10c0/cc9ab28f7a49f5d46d5c6ecbb3208c0b6f04af12e544c8be00bed61ea2737f1c73c9571eac9ab83d497b8797b65d49c8382008169311d8031c370769e25d5d28
  languageName: node
  linkType: hard

"find-up@npm:^5.0.0":
  version: 5.0.0
  resolution: "find-up@npm:5.0.0"
  dependencies:
    locate-path: "npm:^6.0.0"
    path-exists: "npm:^4.0.0"
  checksum: 10c0/8ad57c4781a113cd3778d7f9cbb0c5a6599aca41308e46851b1d4e259029dd2755e2f43e49d30d8cc31e2973452b6657aece3705061d64e91e5adf45367bccb8
  languageName: node
  linkType: hard

"find-up@npm:^8.0.0":
  version: 8.0.0
  resolution: "find-up@npm:8.0.0"
  dependencies:
    locate-path: "npm:^7.2.0"
    unicorn-magic: "npm:^0.4.0"
  checksum: 10c0/57702c7b3f215cb2fb29cc6f2bb61693260e485382132c34d06da27f4608fb76b0e63f8f06ee5df8a3cb70288ec2a87a3e5d4dd2b72a63836e9a9a3c7df29794
  languageName: node
  linkType: hard

"flat-cache@npm:^6.1.13":
  version: 6.1.13
  resolution: "flat-cache@npm:6.1.13"
  dependencies:
    cacheable: "npm:^1.8.10"
    flatted: "npm:^3.3.3"
    hookified: "npm:^1.8.2"
  checksum: 10c0/8d6989ea2d5a6e53908e7ee9486e9f2d0787971fcf1411d59b754029c9ff266c8c404a4d93a9a4363796a9be8c8a64c25e8a0ee2763890952dba5232948cff5
  languageName: node
  linkType: hard

"flatted@npm:^3.3.3":
  version: 3.3.3
  resolution: "flatted@npm:3.3.3"
  checksum: 10c0/32d82859b53f5a1465dbf9c008e077014320484e85fa1f0a99cf07d714702306c8e8e20b7c0a39620b1fd91997d7b2da8b548bcbfa1640d6f126aa0da3b51bf94
  languageName: node
  linkType: hard

"focusrite-scarlett-18i20@workspace:.":
  version: 0.0.0-use.local
  resolution: "focusrite-scarlett-18i20@workspace:."
  dependencies:
    "@companion-module/base": "npm:2.0.0"
    "@companion-module/tools": "npm:^3.0.2"
    eslint: "npm:^10.2.0"
    prettier: "npm:^3.8.3"
  languageName: unknown
  linkType: soft

"foreground-child@npm:^3.1.0":
  version: 3.3.1
  resolution: "foreground-child@npm:3.3.1"
  dependencies:
    cross-spawn: "npm:^7.0.6"
    signal-exit: "npm:^4.0.1"
  checksum: 10c0/55c9c518c4d4d902268c261359467206610084515d1e5d5b88d98b399374adea90d03f67cb984be39fe21ac81dfef68d50811c92fd5a4f785d9767ee06145431
  languageName: node
  linkType: hard

"glob-parent@npm:^6.0.2":
  version: 6.0.2
  resolution: "glob-parent@npm:6.0.2"
  dependencies:
    is-glob: "npm:^4.0.3"
  checksum: 10c0/a0629fca97b821c38c92ca931ee1637c9770c821b17e4ce8ee6680c4b1587f951b603180589708ba44c0d15c78fd3efaf8e72438d264b62c4333c4e61268091a
  languageName: node
  linkType: hard

"glob@npm:^11.0.0":
  version: 11.1.0
  resolution: "glob@npm:11.1.0"
  dependencies:
    foreground-child: "npm:^3.3.1"
    jackspeak: "npm:^4.1.1"
    minimatch: "npm:^10.1.1"
    minipass: "npm:^7.1.2"
    package-json-from-dist: "npm:^1.0.1"
    path-scurry: "npm:^2.0.0"
  checksum: 10c0/eb1821a094f6ab58d60392846dc80c215806972efbb364b93d93e8b1ec4ace0c73c6eeaf558f5fcf96aa5803696c1821ad2fd31af836ca05429e144616fecce0e
  languageName: node
  linkType: hard

"globrex@npm:^0.1.2":
  version: 0.1.2
  resolution: "globrex@npm:0.1.2"
  checksum: 10c0/0d50d501259fa8fb8b1ed45eb4fd02a33f8e3cb7ce2eb105a703481a9d5a0d6d547969ceb5c838758420976c1765e3a7b9d08f5def9389e88051531651815f06
  languageName: node
  linkType: hard

"globals@npm:^14.0.0":
  version: 14.0.0
  resolution: "globals@npm:14.0.0"
  checksum: 10c0/b9107e1a4733553453869fafc60b5c0e26426b253c08371fc141331da553064962603267797df02c21c9e1c13e38d11f3942d003d15988557930b4d1773be67d
  languageName: node
  linkType: hard

"globals@npm:^15.11.0":
  version: 15.15.0
  resolution: "globals@npm:15.15.0"
  checksum: 10c0/b710049180c9b8d9ae5e29f4b291c55503e63b24eed3424675cb301ec1add4cc4607be2d2a60f4512330edc3c8f89045f7be4ddc2c6842c1a2c5405dad319b26
  languageName: node
  linkType: hard

"has-flag@npm:^5.0.0":
  version: 5.0.1
  resolution: "has-flag@npm:5.0.1"
  checksum: 10c0/73fc17de503a0c74897e0a578d036e96231cefa3ecb259af193f2efff7b19b62c06a42b84e8fdba9b3ffb91c938f1ea6c11fddfb710b156b0687c0155bd785f8
  languageName: node
  linkType: hard

"ignore@npm:^5.2.0, ignore@npm:^5.3.2":
  version: 5.3.2
  resolution: "ignore@npm:5.3.2"
  checksum: 10c0/cb7054b27a31b75eafad63a7c8ba2b741ac6c23a3bd47cbd536df6616368e0070983439b4f52e421a447ed2d1b9d4903a94fc06c4534038bfd53c23e6d1635ac
  languageName: node
  linkType: hard

"ignore@npm:^7.0.5":
  version: 7.0.5
  resolution: "ignore@npm:7.0.5"
  checksum: 10c0/00a91315465c4d18f2e51650427933957001c6e28a2f61cae2f420907714963b84c4ec4d8ed4ba8741b1c3954e8e626f1ad1663e6dbe8cead5a95b2d3abbc212
  languageName: node
  linkType: hard

"imurmurhash@npm:^0.1.4":
  version: 0.1.4
  resolution: "imurmurhash@npm:0.1.4"
  checksum: 10c0/ae9ac7ba76d358491281a000a60bfac986110ed5ab96f20e7cce39c343a2e821418058f6bc81c3fb7a921ec6410cedb343295d26da82fa484614137057db9162
  languageName: node
  linkType: hard

"is-extglob@npm:^2.1.1":
  version: 2.1.1
  resolution: "is-extglob@npm:2.1.1"
  checksum: 10c0/99c4c7f46d0a5fc0b60301614253186f22676f4d09750740381621533d397b34a2d15a571ba2e4fe3d73d919295638890553d66a6e07fe9a78167e3cc58a40eb
  languageName: node
  linkType: hard

"is-fullwidth-code-point@npm:^5.0.1":
  version: 5.1.0
  resolution: "is-fullwidth-code-point@npm:5.1.0"
  dependencies:
    get-east-asian-width: "npm:^1.0.0"
  checksum: 10c0/1b63a8995f9d34ae6478adbb8bd20315d7c90ca2a1147bf6d5f96ee09e9cd82f5b2f913a68ab08ec75192b6040505886439e853563e10b0fd6e4b4a069fbad15
  languageName: node
  linkType: hard

"is-glob@npm:^4.0.0, is-glob@npm:^4.0.3":
  version: 4.0.3
  resolution: "is-glob@npm:4.0.3"
  dependencies:
    is-extglob: "npm:^2.1.1"
  checksum: 10c0/37f5ecffef6b9ae5c92da7330774deec19a88c4c0e6f2a37f3cfe44106dadfcb4c22bb41fb7c598747f2bc89921b0148500356194184735900f02a23bf86e7cd
  languageName: node
  linkType: hard

"isexe@npm:^2.0.0":
  version: 2.0.0
  resolution: "isexe@npm:2.0.0"
  checksum: 10c0/200fd640f61058e392760613825187098898339ec359cb8a1e12c9df1705704a57970413cc0d16b8c375d8646965da3dc1c77bd40b4a2d78d67b428614c8ec783
  languageName: node
  linkType: hard

"jackspeak@npm:^4.1.1":
  version: 4.1.1
  resolution: "jackspeak@npm:4.1.1"
  dependencies:
    "@isaacs/cliui": "npm:^8.0.2"
  checksum: 10c0/89658384c812949492ea492499086450cb140601e1b5dcebb5409887f00d245ac9fa625b5bcc6feafca7933fa5e9ee94a47cbfda0948e518413862c98bf2f746a
  languageName: node
  linkType: hard

"js-yaml@npm:^4.1.0":
  version: 4.1.0
  resolution: "js-yaml@npm:4.1.0"
  dependencies:
    argparse: "npm:^2.0.1"
  bin:
    js-yaml: bin/js-yaml.js
  checksum: 10c0/eb38c029404585a3249d04a2fefaf337862d1bc78c28e399b6bd80b875a6ceaf9b68827a1061ed805d7fed7a5c745df328ecdb041364c1438f9bfd990ee32c60
  languageName: node
  linkType: hard

"json-schema-traverse@npm:^0.4.1":
  version: 0.4.1
  resolution: "json-schema-traverse@npm:0.4.1"
  checksum: 10c0/1281bcb5cc54c3e4a76f54e8b4076572051745757d25b80d5e0aa485a9d6097f8c09d765c0310ec2b12a9312ad203c8254012446158dcdb69e53da6b606c1b63
  languageName: node
  linkType: hard

"json-stable-stringify-without-jsonify@npm:^1.0.1":
  version: 1.0.1
  resolution: "json-stable-stringify-without-jsonify@npm:1.0.1"
  checksum: 10c0/33a0ff8c2a22245d7280087739d202760661881b84e9be51f4392f3cd44f198f1ca76bd5a24b7dbc7b80ca53f03b6df15bea32c70f4d3931fb1a70e34d1fdb21a
  languageName: node
  linkType: hard

"levn@npm:^0.4.1":
  version: 0.4.1
  resolution: "levn@npm:0.4.1"
  dependencies:
    prelude-ls: "npm:^1.2.1"
    type-check: "npm:~0.4.0"
  checksum: 10c0/89a5be105825fe0dd04c20f1b4aa7b463af2e6473fa6dc06ac4e9ed66967874e29cdcae90bb06d721b81f494d80783d68c01d9fc8acb36755d57b39f027be98
  languageName: node
  linkType: hard

"locate-path@npm:^6.0.0":
  version: 6.0.0
  resolution: "locate-path@npm:6.0.0"
  dependencies:
    p-locate: "npm:^5.0.0"
  checksum: 10c0/ffb33f740790c30326f672064b75c6a7a3aca36773948191162dd00dafdd2dd9f0ef2fe8f9a80309a5f94e57f207b13f651cf369767e27e1ad6796c3529563f8
  languageName: node
  linkType: hard

"locate-path@npm:^7.2.0":
  version: 7.2.0
  resolution: "locate-path@npm:7.2.0"
  dependencies:
    p-locate: "npm:^6.0.0"
  checksum: 10c0/c80a9c48a109969da2e94e5e1c4daed59e65ceeb251c7afe715693320664969e9d65e5e4f931508907a10f40bd1bbb089ff8352f97b3beac6c401f2321b40b87
  languageName: node
  linkType: hard

"lodash.merge@npm:^4.6.2":
  version: 4.6.2
  resolution: "lodash.merge@npm:4.6.2"
  checksum: 10c0/7d2e9ed746c0af0c1085ad9b578a752a1afdebe66a9ddab763c4333538dfe73eb171918d29865125ae54c27b7c62f356aafcd2d3192d05eb43a969f4fcf62087
  languageName: node
  linkType: hard

"lru-cache@npm:^11.0.0":
  version: 11.2.4
  resolution: "lru-cache@npm:11.2.4"
  checksum: 10c0/df87bfa925d7e81f658593e0b16e02c4792846ffc07efef4ba764efef89176b964619ea78bf5dd9af12c2fa1864a2e4c3e6eb0912fcf3f6db07f7b6f67f46ccd
  languageName: node
  linkType: hard

"minimatch@npm:^10.0.3":
  version: 10.1.1
  resolution: "minimatch@npm:10.1.1"
  dependencies:
    "@isaacs/brace-expansion": "npm:^5.0.0"
  checksum: 10c0/a5fb3c30ce2a29c8cc15e7f2d7f0a29e3d1bbf8e2bd53be57909a74710059d6a0a4f9c8bcb756ae162474506124089d0c2189a72a30ec6982d5059364abbb51a
  languageName: node
  linkType: hard

"minipass@npm:^7.0.4, minipass@npm:^7.1.2":
  version: 7.1.2
  resolution: "minipass@npm:7.1.2"
  checksum: 10c0/c400a01d10ca4b315a75c7074ed6e6558a969fc6b3319109b42465150c383763492113196322937158321e700106ae0ef29e0d239802977d8441ced08a13c5225
  languageName: node
  linkType: hard

"ms@npm:^2.1.3":
  version: 2.1.3
  resolution: "ms@npm:2.1.3"
  checksum: 10c0/8a3f7f7fa135569a81ae26d6d2a4b6999ddad7ad0bc559b1b0478676d069ca87aac3dc8bef5e359aa2a8f2b53ea2570265d6f5f0c9f394035b0dd9bb8a91bd
  languageName: node
  linkType: hard

"natural-compare@npm:^1.4.0":
  version: 1.4.0
  resolution: "natural-compare@npm:1.4.0"
  checksum: 10c0/1c8995066549cd016a604def054d52e45fbdce016b949e58a967dcff9a6a3c3b5c8aac5b71fae1416f7d56abc9cc6d2f9fa28e23fc2a25ac8ff20406939734e
  languageName: node
  linkType: hard

"optionator@npm:^0.9.4":
  version: 0.9.4
  resolution: "optionator@npm:0.9.4"
  dependencies:
    deep-is: "npm:^0.1.3"
    fast-levenshtein: "npm:^2.0.6"
    levn: "npm:^0.4.1"
    prelude-ls: "npm:^1.2.1"
    type-check: "npm:^0.4.0"
    word-wrap: "npm:^1.2.5"
  checksum: 10c0/556650a7ce54de4b5f3958ad0470d6c245ef3e0031825d32f28cfeb501e4c6e7ce8dd932d1226359d08d16fc0abcb7c03a5010fa0dd4d6fa66b16f594a722d97
  languageName: node
  linkType: hard

"p-limit@npm:^3.0.2":
  version: 3.1.0
  resolution: "p-limit@npm:3.1.0"
  dependencies:
    yocto-queue: "npm:^0.1.0"
  checksum: 10c0/d1214630c510ef32ce2c4f4b954de07870da25c689cc9766179bccdfd1b85d669a4a44d16ac77bc58f4098c56ff93ad4f0a3ca1e27afe0d5121dc804268c63c6
  languageName: node
  linkType: hard

"p-limit@npm:^4.0.0":
  version: 4.0.0
  resolution: "p-limit@npm:4.0.0"
  dependencies:
    yocto-queue: "npm:^1.0.0"
  checksum: 10c0/7af92c70109782f4b19e9ff6eeb4c1abeab500016a6f1f7830a14131a4f32effddcdcad24b5c8935fffc71c6eb3c7dce63297888d7b6952203fe12c428357f37
  languageName: node
  linkType: hard

"p-locate@npm:^5.0.0":
  version: 5.0.0
  resolution: "p-locate@npm:5.0.0"
  dependencies:
    p-limit: "npm:^3.0.2"
  checksum: 10c0/8e0f26055267ab8761018d9a5321aa6b0af198689f70ff5839c62caaf29d3333d5827c09375549691a17148289091429f976361522827e812f349190c1d1bfc9c
  languageName: node
  linkType: hard

"p-locate@npm:^6.0.0":
  version: 6.0.0
  resolution: "p-locate@npm:6.0.0"
  dependencies:
    p-limit: "npm:^4.0.0"
  checksum: 10c0/c6c8412ee70ca1860fe900a7760bb511cdbd30f02bb6095cc170810e767de6515b9f51aa95fd61c293af982421bb319af929d7889cb7f821c6ce1106b9a315b3f
  languageName: node
  linkType: hard

"package-json-from-dist@npm:^1.0.1":
  version: 1.0.1
  resolution: "package-json-from-dist@npm:1.0.1"
  checksum: 10c0/f1e349183e90cab5975f6bdf90732f50759d8c05fe88f9aa4dde833fd7697ca9aed6b82f19d835c3e2ef0470d4629843e0fdb4d96bfaf7b52f31ff63ca3e37db
  languageName: node
  linkType: hard

"path-exists@npm:^4.0.0":
  version: 4.0.0
  resolution: "path-exists@npm:4.0.0"
  checksum: 10c0/2fb1b837649caa06f5cb20ed9b687eb796765c132f089885108b93f4519394811204da2cc63aed59e7302872fc6e0f5e9b9d66c0ce917df79def0cd215fa5edb
  languageName: node
  linkType: hard

"path-key@npm:^3.1.0":
  version: 3.1.1
  resolution: "path-key@npm:3.1.1"
  checksum: 10c0/b882a250314b589589124515241d05f6f72f44eb828526515203465ded750d47fb3a69ad099d46081b4f4e5901f237c4988560325f624cd6d5c5d09e14c81050
  languageName: node
  linkType: hard

"path-scurry@npm:^2.0.0":
  version: 2.0.1
  resolution: "path-scurry@npm:2.0.1"
  dependencies:
    lru-cache: "npm:^11.0.0"
    minipass: "npm:^7.1.2"
  checksum: 10c0/8336b3e1d2132af36e53435daed1fa597bb25f2cc5626c7c60c4feac77e76171a774343639483b727b8ba7a5faed6780007122d2262819334b7ca2f7e00aa4ef
  languageName: node
  linkType: hard

"prelude-ls@npm:^1.2.1":
  version: 1.2.1
  resolution: "prelude-ls@npm:1.2.1"
  checksum: 10c0/ce5eeef6166cfa58b32d9b951461625f3721022cb60095488432a3c4b17fa7649d3937ef240a71ac0f0732f908a2bfb8eb9cc582375821a7176c18916174d0119
  languageName: node
  linkType: hard

"prettier-linter-helpers@npm:^1.0.0":
  version: 1.0.0
  resolution: "prettier-linter-helpers@npm:1.0.0"
  dependencies:
    fast-diff: "npm:^1.1.2"
  checksum: 10c0/b65da6a197c1d5dcd3fc0d937abed444b9881f705794037d68970689f220dd785feeadfbb36be93a8174cb1246c28802179e4e4bb2db84b65cc923674f2bc9b41
  languageName: node
  linkType: hard

"prettier@npm:^3.8.3":
  version: 3.9.6
  resolution: "prettier@npm:3.9.6"
  checksum: 10c0/2da0c917baf42a8463b9562e4354f2f12308974017053a7cd77d6a5b3168a68ca56f1b241269dbcbf5a2ce9b3893511b3b75e12a501e22bf1b750ab1ea64d198
  bin:
    prettier: bin/prettier.cjs
  languageName: node
  linkType: hard

"resolve-pkg-maps@npm:^1.0.0":
  version: 1.0.0
  resolution: "resolve-pkg-maps@npm:1.0.0"
  checksum: 10c0/ce5e3171e143dbfb7e71b9eeecbcb48433099f314732c2b05ea1b370a1a4e1e608a6dd690f4291b5560db140907989352538570276044525715139529518436a
  languageName: node
  linkType: hard

"semver@npm:^7.6.3, semver@npm:^7.8.4":
  version: 7.8.4
  resolution: "semver@npm:7.8.4"
  bin:
    semver: bin/semver.js
  checksum: 10c0/3444085b9954069f8b07b2a66e4ddd4286ce4651c5fa09dd9cd01a0f75febfb8a497387aa1417ef76258948041972a7d1a0fb59e9b1d49876a13a433b77e2b2c3
  languageName: node
  linkType: hard

"shebang-command@npm:^2.0.0":
  version: 2.0.0
  resolution: "shebang-command@npm:2.0.0"
  dependencies:
    shebang-regex: "npm:^3.0.0"
  checksum: 10c0/c08a1aa9656999434c6cb372e32d8d876f315e9d579a042a8a673938ad1b2b339cbe39caa773ac4e85f4b28c8dff95f8e92d804900328a6fe8ffea8b9bf2fa6
  languageName: node
  linkType: hard

"shebang-regex@npm:^3.0.0":
  version: 3.0.0
  resolution: "shebang-regex@npm:3.0.0"
  checksum: 10c0/239af243307b39c448c4bda518d24a5ec3c12531d1313b98609573031c2cbc4ea6d5295e51fe957d850d6cbc5f8403556300d83e7d79e0f2e1ce7b0e7cb2c90
  languageName: node
  linkType: hard

"signal-exit@npm:^4.0.1":
  version: 4.1.0
  resolution: "signal-exit@npm:4.1.0"
  checksum: 10c0/dc9c813fbf819792050108650648c11ae4f17ff88bbe5fe4e4e9f769238d1a261643910a6152a9d9afc60b71eedf72d0d6051839324e3315d240b5921af7a23e
  languageName: node
  linkType: hard

"string-width@npm:^7.2.0":
  version: 7.2.0
  resolution: "string-width@npm:7.2.0"
  dependencies:
    emoji-regex: "npm:^10.3.0"
    get-east-asian-width: "npm:^1.0.0"
    strip-ansi: "npm:^7.1.0"
  checksum: 10c0/c08f135beb55e408cc1aa8d3cc031739644756434374b136cba7a54b186a338b657472c1e0965584f2680befea07fbe837e7fd69dcf4ea5fc04e7375647470d3a
  languageName: node
  linkType: hard

"strip-ansi@npm:^7.1.0":
  version: 7.1.2
  resolution: "strip-ansi@npm:7.1.2"
  dependencies:
    ansi-regex: "npm:^6.2.2"
  checksum: 10c0/c8b2a801febde1c4f0004b039b83b4bd3c236676e748215744468ed9719527ea40023110e578c05071774e7783424757a65b6541b0cd9152df516f36baa6d3f9
  languageName: node
  linkType: hard

"synckit@npm:^0.11.12":
  version: 0.11.12
  resolution: "synckit@npm:0.11.12"
  dependencies:
    "@pkgr/core": "npm:^0.2.9"
  checksum: 10c0/c3715720d5aa00050d0370d4c9fcf8e3c9637e51d6fd6c9714434893394323e87101786967b6b5076f8158ce75e4ea3cfae83b3e47c66bbf7b00f78bea72a875
  languageName: node
  linkType: hard

"tar@npm:^7.5.16":
  version: 7.5.16
  resolution: "tar@npm:7.5.16"
  dependencies:
    "@isaacs/fs-minipass": "npm:^4.0.0"
    chownr: "npm:^3.0.0"
    minipass: "npm:^7.0.4"
    minizlib: "npm:^3.1.0"
    mkdirp: "npm:^3.0.1"
    yallist: "npm:^5.0.0"
  checksum: 10c0/dce662fb602f90c1995dd727e66ebbe9afc87670370fb56c0e67d8bfb4421e050854ce7b5ad3f91a668f29c2fca6a2cb5d6549856d05730c6dd0c4420f8739d
  languageName: node
  linkType: hard

"ts-declaration-location@npm:^1.0.7":
  version: 1.0.7
  resolution: "ts-declaration-location@npm:1.0.7"
  peerDependencies:
    typescript: ">=4.6.4"
  peerDependenciesMeta:
    typescript:
      optional: true
  checksum: 10c0/2b0de582c868ebaa684ff67614a4e0d0d4d92e77c99fe8f25d4e1378db3b3791ce54d66343bc50e886634fc4d56a7b1d2a0d50aad1b0ab2e36c72777031b589
  languageName: node
  linkType: hard

"tslib@npm:^2.8.1":
  version: 2.8.1
  resolution: "tslib@npm:2.8.1"
  checksum: 10c0/5f7e544c62b62bb73bdb9bd669ec3a4f0f201b9a043db31d966cdb401202add7a533f85b5db401ec3bc8dd9fb0aeae9e6661444019340bab496214586aeb120b
  languageName: node
  linkType: hard

"type-check@npm:~0.4.0":
  version: 0.4.0
  resolution: "type-check@npm:0.4.0"
  dependencies:
    prelude-ls: "npm:^1.2.1"
  checksum: 10c0/17da9e312483f7bb7d1f44f57d47ea43cf4c4c9962bc11ed281529dd9f8d24ab4df41566442ea2ec73c34bb0a10a50379f28504dc09fe8bd12cd2d972134e1851
  languageName: node
  linkType: hard

"unicorn-magic@npm:^0.4.0":
  version: 0.4.0
  resolution: "unicorn-magic@npm:0.4.0"
  checksum: 10c0/83280e6c078860a9723681fb648e0a14ee7e90da0cb4246fef0e203c2268743cc5244a076e9584e6c17877d172d16dc45d048ac91dce21eb68354b2b3f54862f
  languageName: node
  linkType: hard

"which@npm:^2.0.1":
  version: 2.0.2
  resolution: "which@npm:2.0.2"
  dependencies:
    isexe: "npm:^2.0.0"
  bin:
    node-which: ./bin/node-which
  checksum: 10c0/8fe4058c26a1f98e1a14fb3d1eaeb3f2a51c968bd01286129908552d63073df52f9a2de7084fce615d2c565f5b96ec34ab814a8341cbda99d0f718fa07637be77
  languageName: node
  linkType: hard

"word-wrap@npm:^1.2.5":
  version: 1.2.5
  resolution: "word-wrap@npm:1.2.5"
  checksum: 10c0/22e8b6949a71f0d81147d7784b6877199b2dba4c5fedb70e9fd3ca4550e97fdef6b3933dd9d7e5f86c203930ff15276e25845b277786a103872611c60276b8a06
  languageName: node
  linkType: hard

"wrap-ansi@npm:^9.0.0":
  version: 9.0.2
  resolution: "wrap-ansi@npm:9.0.2"
  dependencies:
    ansi-styles: "npm:^6.2.1"
    string-width: "npm:^7.2.0"
    strip-ansi: "npm:^7.1.0"
  checksum: 10c0/7cbc6e3f35c0d0992e68bd102c196b9d1362f224a69cfac25f39af2a920e0a2f4c9d80a48f50a5a10dc945a4c1a1e2c1045d0de1d6a1e1ef4dd9fd17aa457ea
  languageName: node
  linkType: hard

"yallist@npm:^5.0.0":
  version: 5.0.0
  resolution: "yallist@npm:5.0.0"
  checksum: 10c0/a7bd975a15953320407b524fb7cbdf9ffcf7752e7fd4e7916a97337b3bb6a8f0f62c92ea13c4f0a77469b4df36bffbaec91fb37a5e13f2ea4ea3bc5410abe81f
  languageName: node
  linkType: hard

"yocto-queue@npm:^0.1.0":
  version: 0.1.0
  resolution: "yocto-queue@npm:0.1.0"
  checksum: 10c0/3c26cb02968740d4a92f67ed13bed22da6b9e2d38a5607b295fa760a517030126a63baa2cf3a7a3030d7fb6a832380477d8fca92e8d9352a870963df493f78e68
  languageName: node
  linkType: hard
